
Microsoft Visual Studio Solution File, Format Version 12.00
# Visual Studio 14
VisualStudioVersion = 14.0.25420.1
MinimumVisualStudioVersion = 10.0.40219.1
Project("{FAE04EC0-301F-11D3-BF4B-00C04F79EFBC}") = "TodoApp.DataAccess", "TodoApp.DataAccess\TodoApp.DataAccess.csproj", "{572EF72C-9382-499E-BB52-7A7F29E52B96}"
EndProject
Project("{FAE04EC0-301F-11D3-BF4B-00C04F79EFBC}") = "TodoApp.Tests", "TodoApp.Tests\TodoApp.Tests.csproj", "{7092B259-A053-4F84-97B1-1FB0C31ECEF4}"
EndProject
Global
	GlobalSection(SolutionConfigurationPlatforms) = preSolution
		Debug|Any CPU = Debug|Any CPU
		Release|Any CPU = Release|Any CPU
	EndGlobalSection
	GlobalSection(ProjectConfigurationPlatforms) = postSolution
		{572EF72C-9382-499E-BB52-7A7F29E52B96}.Debug|Any CPU.ActiveCfg = Debug|Any CPU
		{572EF72C-9382-499E-BB52-7A7F29E52B96}.Debug|Any CPU.Build.0 = Debug|Any CPU
		{572EF72C-9382-499E-BB52-7A7F29E52B96}.Release|Any CPU.ActiveCfg = Release|Any CPU
		{572EF72C-9382-499E-BB52-7A7F29E52B96}.Release|Any CPU.Build.0 = Release|Any CPU
		{7092B259-A053-4F84-97B1-1FB0C31ECEF4}.Debug|Any CPU.ActiveCfg = Debug|Any CPU
		{7092B259-A053-4F84-97B1-1FB0C31ECEF4}.Debug|Any CPU.Build.0 = Debug|Any CPU
		{7092B259-A053-4F84-97B1-1FB0C31ECEF4}.Release|Any CPU.ActiveCfg = Release|Any CPU
		{7092B259-A053-4F84-97B1-1FB0C31ECEF4}.Release|Any CPU.Build.0 = Release|Any CPU
	EndGlobalSection
	GlobalSection(SolutionProperties) = preSolution
		HideSolutionNode = FALSE
	EndGlobalSection
EndGlobal
